
Microsoft Visual Studio Solution File, Format Version 12.00
Project("{FAE04EC0-301F-11D3-BF4B-00C04F79EFBC}") = "GodTools", "GodTools.csproj", "{9A4745CE-3C39-4BF7-82C7-E390B22125C1}"
EndProject
Project("{FAE04EC0-301F-11D3-BF4B-00C04F79EFBC}") = "Cultivation-Way-Core", "..\CW_Core\Cultivation-Way-Core.csproj", "{8306780A-B870-422F-BA44-065E83EA4681}"
EndProject
Project("{FAE04EC0-301F-11D3-BF4B-00C04F79EFBC}") = "CustomModT002", "..\CustomModT002\CustomModT002.csproj", "{68848F8C-1081-480B-B4A8-2ED66FF61F09}"
EndProject
Project("{FAE04EC0-301F-11D3-BF4B-00C04F79EFBC}") = "CustomMod", "..\CustomMod\CustomMod.csproj", "{38AC26E0-DF0C-49BF-AA7F-8B4980264CD4}"
EndProject
Project("{FAE04EC0-301F-11D3-BF4B-00C04F79EFBC}") = "Cultiway", "..\Cultiway\Cultiway.csproj", "{2A6EEBCB-EA09-4AC8-ADAC-4D07600C3402}"
EndProject
Project("{FAE04EC0-301F-11D3-BF4B-00C04F79EFBC}") = "Chinese_Name", "..\Chinese_Name\Chinese_Name.csproj", "{38CCEFCD-AA55-4B2E-81FB-1E05422F5339}"
EndProject
Project("{FAE04EC0-301F-11D3-BF4B-00C04F79EFBC}") = "WindowAttack", "..\witchcraft\WindowAttack.csproj", "{5E56BC60-AEAE-45D8-8437-4B685683A715}"
EndProject
Project("{FAE04EC0-301F-11D3-BF4B-00C04F79EFBC}") = "CoverSky", "..\Cover-Sky\CoverSky.csproj", "{AD503FB8-9D79-45FF-9C33-008BAA2798EB}"
EndProject
Project("{FAE04EC0-301F-11D3-BF4B-00C04F79EFBC}") = "AMod", "..\AMod\AMod.csproj", "{EC4C8280-87FB-4909-B66B-B4DA27341A35}"
EndProject
Global
	GlobalSection(SolutionConfigurationPlatforms) = preSolution
		Debug|Any CPU = Debug|Any CPU
		Release|Any CPU = Release|Any CPU
	EndGlobalSection
	GlobalSection(ProjectConfigurationPlatforms) = postSolution
		{9A4745CE-3C39-4BF7-82C7-E390B22125C1}.Debug|Any CPU.ActiveCfg = Debug|Any CPU
		{9A4745CE-3C39-4BF7-82C7-E390B22125C1}.Debug|Any CPU.Build.0 = Debug|Any CPU
		{9A4745CE-3C39-4BF7-82C7-E390B22125C1}.Release|Any CPU.ActiveCfg = Release|Any CPU
		{9A4745CE-3C39-4BF7-82C7-E390B22125C1}.Release|Any CPU.Build.0 = Release|Any CPU
		{8306780A-B870-422F-BA44-065E83EA4681}.Debug|Any CPU.ActiveCfg = Debug|Any CPU
		{8306780A-B870-422F-BA44-065E83EA4681}.Debug|Any CPU.Build.0 = Debug|Any CPU
		{8306780A-B870-422F-BA44-065E83EA4681}.Release|Any CPU.ActiveCfg = Release|Any CPU
		{8306780A-B870-422F-BA44-065E83EA4681}.Release|Any CPU.Build.0 = Release|Any CPU
		{68848F8C-1081-480B-B4A8-2ED66FF61F09}.Debug|Any CPU.ActiveCfg = Debug|Any CPU
		{68848F8C-1081-480B-B4A8-2ED66FF61F09}.Debug|Any CPU.Build.0 = Debug|Any CPU
		{68848F8C-1081-480B-B4A8-2ED66FF61F09}.Release|Any CPU.ActiveCfg = Release|Any CPU
		{68848F8C-1081-480B-B4A8-2ED66FF61F09}.Release|Any CPU.Build.0 = Release|Any CPU
		{38AC26E0-DF0C-49BF-AA7F-8B4980264CD4}.Debug|Any CPU.ActiveCfg = Debug|Any CPU
		{38AC26E0-DF0C-49BF-AA7F-8B4980264CD4}.Debug|Any CPU.Build.0 = Debug|Any CPU
		{38AC26E0-DF0C-49BF-AA7F-8B4980264CD4}.Release|Any CPU.ActiveCfg = Release|Any CPU
		{38AC26E0-DF0C-49BF-AA7F-8B4980264CD4}.Release|Any CPU.Build.0 = Release|Any CPU
		{2A6EEBCB-EA09-4AC8-ADAC-4D07600C3402}.Debug|Any CPU.ActiveCfg = Debug|Any CPU
		{2A6EEBCB-EA09-4AC8-ADAC-4D07600C3402}.Debug|Any CPU.Build.0 = Debug|Any CPU
		{2A6EEBCB-EA09-4AC8-ADAC-4D07600C3402}.Release|Any CPU.ActiveCfg = Release|Any CPU
		{2A6EEBCB-EA09-4AC8-ADAC-4D07600C3402}.Release|Any CPU.Build.0 = Release|Any CPU
		{38CCEFCD-AA55-4B2E-81FB-1E05422F5339}.Debug|Any CPU.ActiveCfg = Debug|Any CPU
		{38CCEFCD-AA55-4B2E-81FB-1E05422F5339}.Debug|Any CPU.Build.0 = Debug|Any CPU
		{38CCEFCD-AA55-4B2E-81FB-1E05422F5339}.Release|Any CPU.ActiveCfg = Release|Any CPU
		{38CCEFCD-AA55-4B2E-81FB-1E05422F5339}.Release|Any CPU.Build.0 = Release|Any CPU
		{5E56BC60-AEAE-45D8-8437-4B685683A715}.Debug|Any CPU.ActiveCfg = Debug|Any CPU
		{5E56BC60-AEAE-45D8-8437-4B685683A715}.Debug|Any CPU.Build.0 = Debug|Any CPU
		{5E56BC60-AEAE-45D8-8437-4B685683A715}.Release|Any CPU.ActiveCfg = Release|Any CPU
		{5E56BC60-AEAE-45D8-8437-4B685683A715}.Release|Any CPU.Build.0 = Release|Any CPU
		{AD503FB8-9D79-45FF-9C33-008BAA2798EB}.Debug|Any CPU.ActiveCfg = Debug|Any CPU
		{AD503FB8-9D79-45FF-9C33-008BAA2798EB}.Debug|Any CPU.Build.0 = Debug|Any CPU
		{AD503FB8-9D79-45FF-9C33-008BAA2798EB}.Release|Any CPU.ActiveCfg = Release|Any CPU
		{AD503FB8-9D79-45FF-9C33-008BAA2798EB}.Release|Any CPU.Build.0 = Release|Any CPU
		{EC4C8280-87FB-4909-B66B-B4DA27341A35}.Debug|Any CPU.ActiveCfg = Debug|Any CPU
		{EC4C8280-87FB-4909-B66B-B4DA27341A35}.Debug|Any CPU.Build.0 = Debug|Any CPU
		{EC4C8280-87FB-4909-B66B-B4DA27341A35}.Release|Any CPU.ActiveCfg = Release|Any CPU
		{EC4C8280-87FB-4909-B66B-B4DA27341A35}.Release|Any CPU.Build.0 = Release|Any CPU
	EndGlobalSection
EndGlobal
